
Microsoft Visual Studio Solution File, Format Version 12.00
# Visual Studio 15
VisualStudioVersion = 15.0.27004.2005
MinimumVisualStudioVersion = 10.0.40219.1
Project("{FAE04EC0-301F-11D3-BF4B-00C04F79EFBC}") = "Assembly", "Assembly\Assembly.csproj", "{4A7B7BE6-C402-4C36-A251-444742E3D76D}"
EndProject
Project("{FAE04EC0-301F-11D3-BF4B-00C04F79EFBC}") = "CommonStartupParametrs", "..\CommonStartupParametrs\CommonStartupParametrs.csproj", "{16AAA782-79E4-4BB4-A516-077E3BDF9432}"
EndProject
Global
	GlobalSection(SolutionConfigurationPlatforms) = preSolution
		Debug|Any CPU = Debug|Any CPU
		Release|Any CPU = Release|Any CPU
	EndGlobalSection
	GlobalSection(ProjectConfigurationPlatforms) = postSolution
		{4A7B7BE6-C402-4C36-A251-444742E3D76D}.Debug|Any CPU.ActiveCfg = Debug|Any CPU
		{4A7B7BE6-C402-4C36-A251-444742E3D76D}.Debug|Any CPU.Build.0 = Debug|Any CPU
		{4A7B7BE6-C402-4C36-A251-444742E3D76D}.Release|Any CPU.ActiveCfg = Release|Any CPU
		{4A7B7BE6-C402-4C36-A251-444742E3D76D}.Release|Any CPU.Build.0 = Release|Any CPU
		{16AAA782-79E4-4BB4-A516-077E3BDF9432}.Debug|Any CPU.ActiveCfg = Debug|Any CPU
		{16AAA782-79E4-4BB4-A516-077E3BDF9432}.Debug|Any CPU.Build.0 = Debug|Any CPU
		{16AAA782-79E4-4BB4-A516-077E3BDF9432}.Release|Any CPU.ActiveCfg = Release|Any CPU
		{16AAA782-79E4-4BB4-A516-077E3BDF9432}.Release|Any CPU.Build.0 = Release|Any CPU
	EndGlobalSection
	GlobalSection(SolutionProperties) = preSolution
		HideSolutionNode = FALSE
	EndGlobalSection
	GlobalSection(ExtensibilityGlobals) = postSolution
		SolutionGuid = {476487A5-1A52-41D6-A50E-5A7BE1CEA21D}
	EndGlobalSection
EndGlobal
